
Microsoft Visual Studio Solution File, Format Version 12.00
# Visual Studio Version 17
VisualStudioVersion = 17.3.32825.248
MinimumVisualStudioVersion = 10.0.40219.1
Project("{FAE04EC0-301F-11D3-BF4B-00C04F79EFBC}") = "InterfacesTutorial", "InterfacesTutorial\InterfacesTutorial.csproj", "{D9E88A10-292D-41EA-9453-4E646D7266ED}"
EndProject
Global
	GlobalSection(SolutionConfigurationPlatforms) = preSolution
		Debug|Any CPU = Debug|Any CPU
		Release|Any CPU = Release|Any CPU
	EndGlobalSection
	GlobalSection(ProjectConfigurationPlatforms) = postSolution
		{D9E88A10-292D-41EA-9453-4E646D7266ED}.Debug|Any CPU.ActiveCfg = Debug|Any CPU
		{D9E88A10-292D-41EA-9453-4E646D7266ED}.Debug|Any CPU.Build.0 = Debug|Any CPU
		{D9E88A10-292D-41EA-9453-4E646D7266ED}.Release|Any CPU.ActiveCfg = Release|Any CPU
		{D9E88A10-292D-41EA-9453-4E646D7266ED}.Release|Any CPU.Build.0 = Release|Any CPU
	EndGlobalSection
	GlobalSection(SolutionProperties) = preSolution
		HideSolutionNode = FALSE
	EndGlobalSection
	GlobalSection(ExtensibilityGlobals) = postSolution
		SolutionGuid = {33976925-4ADE-4B14-9B96-06BF345557EE}
	EndGlobalSection
EndGlobal
